
Microsoft Visual Studio Solution File, Format Version 12.00
# Visual Studio Version 16
VisualStudioVersion = 16.0.32228.343
MinimumVisualStudioVersion = 10.0.40219.1
Project("{FAE04EC0-301F-11D3-BF4B-00C04F79EFBC}") = "proj", "proj\proj.csproj", "{4F720962-91FB-48BD-B89A-4FA7A152904C}"
EndProject
Global
	GlobalSection(SolutionConfigurationPlatforms) = preSolution
		Debug|Any CPU = Debug|Any CPU
		Release|Any CPU = Release|Any CPU
	EndGlobalSection
	GlobalSection(ProjectConfigurationPlatforms) = postSolution
		{4F720962-91FB-48BD-B89A-4FA7A152904C}.Debug|Any CPU.ActiveCfg = Debug|Any CPU
		{4F720962-91FB-48BD-B89A-4FA7A152904C}.Debug|Any CPU.Build.0 = Debug|Any CPU
		{4F720962-91FB-48BD-B89A-4FA7A152904C}.Release|Any CPU.ActiveCfg = Release|Any CPU
		{4F720962-91FB-48BD-B89A-4FA7A152904C}.Release|Any CPU.Build.0 = Release|Any CPU
	EndGlobalSection
	GlobalSection(SolutionProperties) = preSolution
		HideSolutionNode = FALSE
	EndGlobalSection
	GlobalSection(ExtensibilityGlobals) = postSolution
		SolutionGuid = {DEABCD1D-4DD9-45CF-9A3B-36461DDCED3E}
	EndGlobalSection
EndGlobal
